
Microsoft Visual Studio Solution File, Format Version 12.00
# Visual Studio Version 17
VisualStudioVersion = 17.4.33122.133
MinimumVisualStudioVersion = 10.0.40219.1
Project("{9A19103F-16F7-4668-BE54-9A1E7A4F7556}") = "DaprMicroservices.Server", "src\Web\Server\DaprMicroservices.Server.csproj", "{7B1D4E47-7B03-45B2-B0E7-83394214662C}"
EndProject
Project("{9A19103F-16F7-4668-BE54-9A1E7A4F7556}") = "DaprMicroservices.Client", "src\Web\Client\DaprMicroservices.Client.csproj", "{866F34D6-61C0-4D57-810B-63B44D1B2EE0}"
EndProject
Project("{9A19103F-16F7-4668-BE54-9A1E7A4F7556}") = "DaprMicroservices.Shared", "src\Web\Shared\DaprMicroservices.Shared.csproj", "{7AB71EC5-BC6E-491A-93F3-53E22C20881E}"
EndProject
Project("{2150E333-8FDC-42A3-9474-1A3956D46DE8}") = "src", "src", "{A6A423D9-4A30-497D-9E28-ADC850A44999}"
EndProject
Project("{2150E333-8FDC-42A3-9474-1A3956D46DE8}") = "Web", "Web", "{9CF5F6B6-039C-437A-8652-C66FA0134B37}"
EndProject
Project("{2150E333-8FDC-42A3-9474-1A3956D46DE8}") = "Services", "Services", "{C7E86839-FEB5-4A2D-AC31-84EEB3DDC86A}"
EndProject
Project("{2150E333-8FDC-42A3-9474-1A3956D46DE8}") = "Core", "Core", "{230CBD79-284C-4E47-BF36-CCEC2E317EB2}"
EndProject
Project("{9A19103F-16F7-4668-BE54-9A1E7A4F7556}") = "Core.Application", "src\Core\Application\Core.Application\Core.Application.csproj", "{170CF4B9-049D-4430-9860-9B15C56F6E57}"
EndProject
Project("{2150E333-8FDC-42A3-9474-1A3956D46DE8}") = "tests", "tests", "{AB2FBC37-6C5C-46B6-9465-6A24082866F1}"
EndProject
Project("{9A19103F-16F7-4668-BE54-9A1E7A4F7556}") = "TestProject1", "TestProject1\TestProject1.csproj", "{1045B9C1-1191-4B28-B0AB-88424972D30B}"
	ProjectSection(ProjectDependencies) = postProject
		{170CF4B9-049D-4430-9860-9B15C56F6E57} = {170CF4B9-049D-4430-9860-9B15C56F6E57}
	EndProjectSection
EndProject
Project("{9A19103F-16F7-4668-BE54-9A1E7A4F7556}") = "Services.ProductsService", "src\Services\ProductsService\Services.ProductsService.csproj", "{52BEE1EA-05B5-42FC-AC16-110889009405}"
EndProject
Project("{9A19103F-16F7-4668-BE54-9A1E7A4F7556}") = "Core.Infrastructure", "src\Core\Infrastructure\Core.Infrastructure\Core.Infrastructure.csproj", "{6593F106-1C1E-4748-AC74-2B03E5C35600}"
EndProject
Project("{9A19103F-16F7-4668-BE54-9A1E7A4F7556}") = "Core.Domain", "src\Core\Domain\Core.Domain\Core.Domain.csproj", "{38F506A2-DC31-427A-AE68-AEAC485CCD8D}"
EndProject
Project("{2150E333-8FDC-42A3-9474-1A3956D46DE8}") = "dapr", "dapr", "{FD8EF746-D6FE-465E-8275-011E4FFCD53A}"
	ProjectSection(SolutionItems) = preProject
		test.yaml = test.yaml
		tye.yaml = tye.yaml
	EndProjectSection
EndProject
Project("{9A19103F-16F7-4668-BE54-9A1E7A4F7556}") = "Invocation", "src\Services\Invocation\Invocation.csproj", "{8C0FDC49-D723-40C7-895B-99C1DAD7994C}"
EndProject
Project("{9A19103F-16F7-4668-BE54-9A1E7A4F7556}") = "Protogenerator", "Protogenerator\Protogenerator.csproj", "{C8B876D6-6D71-4DC7-8E5B-47773FCF15A2}"
EndProject
Global
	GlobalSection(SolutionConfigurationPlatforms) = preSolution
		Debug|Any CPU = Debug|Any CPU
		Release|Any CPU = Release|Any CPU
	EndGlobalSection
	GlobalSection(ProjectConfigurationPlatforms) = postSolution
		{7B1D4E47-7B03-45B2-B0E7-83394214662C}.Debug|Any CPU.ActiveCfg = Debug|Any CPU
		{7B1D4E47-7B03-45B2-B0E7-83394214662C}.Debug|Any CPU.Build.0 = Debug|Any CPU
		{7B1D4E47-7B03-45B2-B0E7-83394214662C}.Release|Any CPU.ActiveCfg = Release|Any CPU
		{7B1D4E47-7B03-45B2-B0E7-83394214662C}.Release|Any CPU.Build.0 = Release|Any CPU
		{866F34D6-61C0-4D57-810B-63B44D1B2EE0}.Debug|Any CPU.ActiveCfg = Debug|Any CPU
		{866F34D6-61C0-4D57-810B-63B44D1B2EE0}.Debug|Any CPU.Build.0 = Debug|Any CPU
		{866F34D6-61C0-4D57-810B-63B44D1B2EE0}.Release|Any CPU.ActiveCfg = Release|Any CPU
		{866F34D6-61C0-4D57-810B-63B44D1B2EE0}.Release|Any CPU.Build.0 = Release|Any CPU
		{7AB71EC5-BC6E-491A-93F3-53E22C20881E}.Debug|Any CPU.ActiveCfg = Debug|Any CPU
		{7AB71EC5-BC6E-491A-93F3-53E22C20881E}.Debug|Any CPU.Build.0 = Debug|Any CPU
		{7AB71EC5-BC6E-491A-93F3-53E22C20881E}.Release|Any CPU.ActiveCfg = Release|Any CPU
		{7AB71EC5-BC6E-491A-93F3-53E22C20881E}.Release|Any CPU.Build.0 = Release|Any CPU
		{170CF4B9-049D-4430-9860-9B15C56F6E57}.Debug|Any CPU.ActiveCfg = Debug|Any CPU
		{170CF4B9-049D-4430-9860-9B15C56F6E57}.Debug|Any CPU.Build.0 = Debug|Any CPU
		{170CF4B9-049D-4430-9860-9B15C56F6E57}.Release|Any CPU.ActiveCfg = Release|Any CPU
		{170CF4B9-049D-4430-9860-9B15C56F6E57}.Release|Any CPU.Build.0 = Release|Any CPU
		{1045B9C1-1191-4B28-B0AB-88424972D30B}.Debug|Any CPU.ActiveCfg = Debug|Any CPU
		{1045B9C1-1191-4B28-B0AB-88424972D30B}.Debug|Any CPU.Build.0 = Debug|Any CPU
		{1045B9C1-1191-4B28-B0AB-88424972D30B}.Release|Any CPU.ActiveCfg = Release|Any CPU
		{1045B9C1-1191-4B28-B0AB-88424972D30B}.Release|Any CPU.Build.0 = Release|Any CPU
		{52BEE1EA-05B5-42FC-AC16-110889009405}.Debug|Any CPU.ActiveCfg = Debug|Any CPU
		{52BEE1EA-05B5-42FC-AC16-110889009405}.Debug|Any CPU.Build.0 = Debug|Any CPU
		{52BEE1EA-05B5-42FC-AC16-110889009405}.Release|Any CPU.ActiveCfg = Release|Any CPU
		{52BEE1EA-05B5-42FC-AC16-110889009405}.Release|Any CPU.Build.0 = Release|Any CPU
		{6593F106-1C1E-4748-AC74-2B03E5C35600}.Debug|Any CPU.ActiveCfg = Debug|Any CPU
		{6593F106-1C1E-4748-AC74-2B03E5C35600}.Debug|Any CPU.Build.0 = Debug|Any CPU
		{6593F106-1C1E-4748-AC74-2B03E5C35600}.Release|Any CPU.ActiveCfg = Release|Any CPU
		{6593F106-1C1E-4748-AC74-2B03E5C35600}.Release|Any CPU.Build.0 = Release|Any CPU
		{38F506A2-DC31-427A-AE68-AEAC485CCD8D}.Debug|Any CPU.ActiveCfg = Debug|Any CPU
		{38F506A2-DC31-427A-AE68-AEAC485CCD8D}.Debug|Any CPU.Build.0 = Debug|Any CPU
		{38F506A2-DC31-427A-AE68-AEAC485CCD8D}.Release|Any CPU.ActiveCfg = Release|Any CPU
		{38F506A2-DC31-427A-AE68-AEAC485CCD8D}.Release|Any CPU.Build.0 = Release|Any CPU
		{8C0FDC49-D723-40C7-895B-99C1DAD7994C}.Debug|Any CPU.ActiveCfg = Debug|Any CPU
		{8C0FDC49-D723-40C7-895B-99C1DAD7994C}.Debug|Any CPU.Build.0 = Debug|Any CPU
		{8C0FDC49-D723-40C7-895B-99C1DAD7994C}.Release|Any CPU.ActiveCfg = Release|Any CPU
		{8C0FDC49-D723-40C7-895B-99C1DAD7994C}.Release|Any CPU.Build.0 = Release|Any CPU
		{C8B876D6-6D71-4DC7-8E5B-47773FCF15A2}.Debug|Any CPU.ActiveCfg = Debug|Any CPU
		{C8B876D6-6D71-4DC7-8E5B-47773FCF15A2}.Debug|Any CPU.Build.0 = Debug|Any CPU
		{C8B876D6-6D71-4DC7-8E5B-47773FCF15A2}.Release|Any CPU.ActiveCfg = Release|Any CPU
		{C8B876D6-6D71-4DC7-8E5B-47773FCF15A2}.Release|Any CPU.Build.0 = Release|Any CPU
	EndGlobalSection
	GlobalSection(SolutionProperties) = preSolution
		HideSolutionNode = FALSE
	EndGlobalSection
	GlobalSection(NestedProjects) = preSolution
		{7B1D4E47-7B03-45B2-B0E7-83394214662C} = {9CF5F6B6-039C-437A-8652-C66FA0134B37}
		{866F34D6-61C0-4D57-810B-63B44D1B2EE0} = {9CF5F6B6-039C-437A-8652-C66FA0134B37}
		{7AB71EC5-BC6E-491A-93F3-53E22C20881E} = {9CF5F6B6-039C-437A-8652-C66FA0134B37}
		{9CF5F6B6-039C-437A-8652-C66FA0134B37} = {A6A423D9-4A30-497D-9E28-ADC850A44999}
		{C7E86839-FEB5-4A2D-AC31-84EEB3DDC86A} = {A6A423D9-4A30-497D-9E28-ADC850A44999}
		{230CBD79-284C-4E47-BF36-CCEC2E317EB2} = {A6A423D9-4A30-497D-9E28-ADC850A44999}
		{170CF4B9-049D-4430-9860-9B15C56F6E57} = {230CBD79-284C-4E47-BF36-CCEC2E317EB2}
		{1045B9C1-1191-4B28-B0AB-88424972D30B} = {AB2FBC37-6C5C-46B6-9465-6A24082866F1}
		{52BEE1EA-05B5-42FC-AC16-110889009405} = {C7E86839-FEB5-4A2D-AC31-84EEB3DDC86A}
		{6593F106-1C1E-4748-AC74-2B03E5C35600} = {230CBD79-284C-4E47-BF36-CCEC2E317EB2}
		{38F506A2-DC31-427A-AE68-AEAC485CCD8D} = {230CBD79-284C-4E47-BF36-CCEC2E317EB2}
		{8C0FDC49-D723-40C7-895B-99C1DAD7994C} = {C7E86839-FEB5-4A2D-AC31-84EEB3DDC86A}
		{C8B876D6-6D71-4DC7-8E5B-47773FCF15A2} = {230CBD79-284C-4E47-BF36-CCEC2E317EB2}
	EndGlobalSection
	GlobalSection(ExtensibilityGlobals) = postSolution
		SolutionGuid = {FF843B68-B0DF-4AD7-B80F-B1F7A2C49E4D}
	EndGlobalSection
EndGlobal
