
Microsoft Visual Studio Solution File, Format Version 12.00
# Visual Studio Version 17
VisualStudioVersion = 17.4.33122.133
MinimumVisualStudioVersion = 10.0.40219.1
Project("{9A19103F-16F7-4668-BE54-9A1E7A4F7556}") = "DaprMicroservices.Server", "src\Web\Server\DaprMicroservices.Server.csproj", "{7B1D4E47-7B03-45B2-B0E7-83394214662C}"
EndProject
Project("{9A19103F-16F7-4668-BE54-9A1E7A4F7556}") = "DaprMicroservices.Client", "src\Web\Client\DaprMicroservices.Client.csproj", "{866F34D6-61C0-4D57-810B-63B44D1B2EE0}"
EndProject
Project("{9A19103F-16F7-4668-BE54-9A1E7A4F7556}") = "DaprMicroservices.Shared", "src\Web\Shared\DaprMicroservices.Shared.csproj", "{7AB71EC5-BC6E-491A-93F3-53E22C20881E}"
EndProject
Project("{2150E333-8FDC-42A3-9474-1A3956D46DE8}") = "src", "src", "{A6A423D9-4A30-497D-9E28-ADC850A44999}"
EndProject
Project("{2150E333-8FDC-42A3-9474-1A3956D46DE8}") = "Web", "Web", "{9CF5F6B6-039C-437A-8652-C66FA0134B37}"
EndProject
Project("{2150E333-8FDC-42A3-9474-1A3956D46DE8}") = "Services", "Services", "{C7E86839-FEB5-4A2D-AC31-84EEB3DDC86A}"
EndProject
Project("{2150E333-8FDC-42A3-9474-1A3956D46DE8}") = "Core", "Core", "{230CBD79-284C-4E47-BF36-CCEC2E317EB2}"
EndProject
Project("{9A19103F-16F7-4668-BE54-9A1E7A4F7556}") = "Core.Application", "src\Core\Application\Core.Application\Core.Application.csproj", "{170CF4B9-049D-4430-9860-9B15C56F6E57}"
EndProject
Project("{2150E333-8FDC-42A3-9474-1A3956D46DE8}") = "tests", "tests", "{AB2FBC37-6C5C-46B6-9465-6A24082866F1}"
EndProject
Project("{9A19103F-16F7-4668-BE54-9A1E7A4F7556}") = "Services.ProductsService", "src\Services\ProductsService\Services.ProductsService.csproj", "{52BEE1EA-05B5-42FC-AC16-110889009405}"
EndProject
Project("{9A19103F-16F7-4668-BE54-9A1E7A4F7556}") = "Core.Infrastructure", "src\Core\Infrastructure\Core.Infrastructure\Core.Infrastructure.csproj", "{6593F106-1C1E-4748-AC74-2B03E5C35600}"
EndProject
Project("{9A19103F-16F7-4668-BE54-9A1E7A4F7556}") = "Core.Domain", "src\Core\Domain\Core.Domain\Core.Domain.csproj", "{38F506A2-DC31-427A-AE68-AEAC485CCD8D}"
EndProject
Project("{2150E333-8FDC-42A3-9474-1A3956D46DE8}") = "dapr", "dapr", "{FD8EF746-D6FE-465E-8275-011E4FFCD53A}"
	ProjectSection(SolutionItems) = preProject
		dapr\config.yaml = dapr\config.yaml
		tye.yaml = tye.yaml
	EndProjectSection
EndProject
Project("{9A19103F-16F7-4668-BE54-9A1E7A4F7556}") = "Invocation", "src\Services\Invocation\Invocation.csproj", "{8C0FDC49-D723-40C7-895B-99C1DAD7994C}"
EndProject
Project("{2150E333-8FDC-42A3-9474-1A3956D46DE8}") = "components", "components", "{D9FFDA09-B229-438A-B2F7-18C125AA3E66}"
	ProjectSection(SolutionItems) = preProject
		dapr\components\pubsub.yaml = dapr\components\pubsub.yaml
		dapr\components\resiliency.yaml = dapr\components\resiliency.yaml
		dapr\components\statestore.yaml = dapr\components\statestore.yaml
	EndProjectSection
EndProject
Project("{2150E333-8FDC-42A3-9474-1A3956D46DE8}") = "ProductsService", "ProductsService", "{AB7B15A5-0964-4592-8956-97CDA7A07202}"
EndProject
Project("{2150E333-8FDC-42A3-9474-1A3956D46DE8}") = "Solution Items", "Solution Items", "{BBB8202D-754B-4714-821C-77E2B1BD6466}"
EndProject
Project("{2150E333-8FDC-42A3-9474-1A3956D46DE8}") = "Common", "Common", "{ECFF6BF1-057F-4C3B-9BC9-A6ED18AC0CCA}"
EndProject
Project("{9A19103F-16F7-4668-BE54-9A1E7A4F7556}") = "Common.Tests", "tests\Common\Common.Tests\Common.Tests.csproj", "{0E0368D8-542C-4FFB-B87F-5D7F4FB4630C}"
EndProject
Project("{9A19103F-16F7-4668-BE54-9A1E7A4F7556}") = "ProductsService.E2ETests", "tests\ProductsService\E2ETests\ProductsService.E2ETests.csproj", "{481ADFA8-C88E-401E-81A8-58E2D2A0DCFD}"
EndProject
Project("{9A19103F-16F7-4668-BE54-9A1E7A4F7556}") = "ProductsService.IntegrationTests", "tests\ProductsService\IntegrationTests\ProductsService.IntegrationTests.csproj", "{D0FADF2D-780B-48EE-8E70-FCDFE956DA70}"
EndProject
Project("{9A19103F-16F7-4668-BE54-9A1E7A4F7556}") = "ProductsService.UnitTests", "tests\ProductsService\UnitTests\ProductsService.UnitTests.csproj", "{E0766DC8-644D-4BD2-83EB-D783589A2683}"
EndProject
Project("{FAE04EC0-301F-11D3-BF4B-00C04F79EFBC}") = "BasketService", "src\Services\BasketService\BasketService.csproj", "{369F8135-85A3-4885-BF48-4B2BF84EEA8A}"
EndProject
Project("{FAE04EC0-301F-11D3-BF4B-00C04F79EFBC}") = "Actors", "src\Core\Actors\Actors.csproj", "{C794CE5F-758C-4A5B-966B-E6D0D414F57A}"
EndProject
Global
	GlobalSection(SolutionConfigurationPlatforms) = preSolution
		Debug|Any CPU = Debug|Any CPU
		Release|Any CPU = Release|Any CPU
	EndGlobalSection
	GlobalSection(ProjectConfigurationPlatforms) = postSolution
		{7B1D4E47-7B03-45B2-B0E7-83394214662C}.Debug|Any CPU.ActiveCfg = Debug|Any CPU
		{7B1D4E47-7B03-45B2-B0E7-83394214662C}.Debug|Any CPU.Build.0 = Debug|Any CPU
		{7B1D4E47-7B03-45B2-B0E7-83394214662C}.Release|Any CPU.ActiveCfg = Release|Any CPU
		{7B1D4E47-7B03-45B2-B0E7-83394214662C}.Release|Any CPU.Build.0 = Release|Any CPU
		{866F34D6-61C0-4D57-810B-63B44D1B2EE0}.Debug|Any CPU.ActiveCfg = Debug|Any CPU
		{866F34D6-61C0-4D57-810B-63B44D1B2EE0}.Debug|Any CPU.Build.0 = Debug|Any CPU
		{866F34D6-61C0-4D57-810B-63B44D1B2EE0}.Release|Any CPU.ActiveCfg = Release|Any CPU
		{866F34D6-61C0-4D57-810B-63B44D1B2EE0}.Release|Any CPU.Build.0 = Release|Any CPU
		{7AB71EC5-BC6E-491A-93F3-53E22C20881E}.Debug|Any CPU.ActiveCfg = Debug|Any CPU
		{7AB71EC5-BC6E-491A-93F3-53E22C20881E}.Debug|Any CPU.Build.0 = Debug|Any CPU
		{7AB71EC5-BC6E-491A-93F3-53E22C20881E}.Release|Any CPU.ActiveCfg = Release|Any CPU
		{7AB71EC5-BC6E-491A-93F3-53E22C20881E}.Release|Any CPU.Build.0 = Release|Any CPU
		{170CF4B9-049D-4430-9860-9B15C56F6E57}.Debug|Any CPU.ActiveCfg = Debug|Any CPU
		{170CF4B9-049D-4430-9860-9B15C56F6E57}.Debug|Any CPU.Build.0 = Debug|Any CPU
		{170CF4B9-049D-4430-9860-9B15C56F6E57}.Release|Any CPU.ActiveCfg = Release|Any CPU
		{170CF4B9-049D-4430-9860-9B15C56F6E57}.Release|Any CPU.Build.0 = Release|Any CPU
		{52BEE1EA-05B5-42FC-AC16-110889009405}.Debug|Any CPU.ActiveCfg = Debug|Any CPU
		{52BEE1EA-05B5-42FC-AC16-110889009405}.Debug|Any CPU.Build.0 = Debug|Any CPU
		{52BEE1EA-05B5-42FC-AC16-110889009405}.Release|Any CPU.ActiveCfg = Release|Any CPU
		{52BEE1EA-05B5-42FC-AC16-110889009405}.Release|Any CPU.Build.0 = Release|Any CPU
		{6593F106-1C1E-4748-AC74-2B03E5C35600}.Debug|Any CPU.ActiveCfg = Debug|Any CPU
		{6593F106-1C1E-4748-AC74-2B03E5C35600}.Debug|Any CPU.Build.0 = Debug|Any CPU
		{6593F106-1C1E-4748-AC74-2B03E5C35600}.Release|Any CPU.ActiveCfg = Release|Any CPU
		{6593F106-1C1E-4748-AC74-2B03E5C35600}.Release|Any CPU.Build.0 = Release|Any CPU
		{38F506A2-DC31-427A-AE68-AEAC485CCD8D}.Debug|Any CPU.ActiveCfg = Debug|Any CPU
		{38F506A2-DC31-427A-AE68-AEAC485CCD8D}.Debug|Any CPU.Build.0 = Debug|Any CPU
		{38F506A2-DC31-427A-AE68-AEAC485CCD8D}.Release|Any CPU.ActiveCfg = Release|Any CPU
		{38F506A2-DC31-427A-AE68-AEAC485CCD8D}.Release|Any CPU.Build.0 = Release|Any CPU
		{8C0FDC49-D723-40C7-895B-99C1DAD7994C}.Debug|Any CPU.ActiveCfg = Debug|Any CPU
		{8C0FDC49-D723-40C7-895B-99C1DAD7994C}.Debug|Any CPU.Build.0 = Debug|Any CPU
		{8C0FDC49-D723-40C7-895B-99C1DAD7994C}.Release|Any CPU.ActiveCfg = Release|Any CPU
		{8C0FDC49-D723-40C7-895B-99C1DAD7994C}.Release|Any CPU.Build.0 = Release|Any CPU
		{0E0368D8-542C-4FFB-B87F-5D7F4FB4630C}.Debug|Any CPU.ActiveCfg = Debug|Any CPU
		{0E0368D8-542C-4FFB-B87F-5D7F4FB4630C}.Debug|Any CPU.Build.0 = Debug|Any CPU
		{0E0368D8-542C-4FFB-B87F-5D7F4FB4630C}.Release|Any CPU.ActiveCfg = Release|Any CPU
		{0E0368D8-542C-4FFB-B87F-5D7F4FB4630C}.Release|Any CPU.Build.0 = Release|Any CPU
		{481ADFA8-C88E-401E-81A8-58E2D2A0DCFD}.Debug|Any CPU.ActiveCfg = Debug|Any CPU
		{481ADFA8-C88E-401E-81A8-58E2D2A0DCFD}.Debug|Any CPU.Build.0 = Debug|Any CPU
		{481ADFA8-C88E-401E-81A8-58E2D2A0DCFD}.Release|Any CPU.ActiveCfg = Release|Any CPU
		{481ADFA8-C88E-401E-81A8-58E2D2A0DCFD}.Release|Any CPU.Build.0 = Release|Any CPU
		{D0FADF2D-780B-48EE-8E70-FCDFE956DA70}.Debug|Any CPU.ActiveCfg = Debug|Any CPU
		{D0FADF2D-780B-48EE-8E70-FCDFE956DA70}.Debug|Any CPU.Build.0 = Debug|Any CPU
		{D0FADF2D-780B-48EE-8E70-FCDFE956DA70}.Release|Any CPU.ActiveCfg = Release|Any CPU
		{D0FADF2D-780B-48EE-8E70-FCDFE956DA70}.Release|Any CPU.Build.0 = Release|Any CPU
		{E0766DC8-644D-4BD2-83EB-D783589A2683}.Debug|Any CPU.ActiveCfg = Debug|Any CPU
		{E0766DC8-644D-4BD2-83EB-D783589A2683}.Debug|Any CPU.Build.0 = Debug|Any CPU
		{E0766DC8-644D-4BD2-83EB-D783589A2683}.Release|Any CPU.ActiveCfg = Release|Any CPU
		{E0766DC8-644D-4BD2-83EB-D783589A2683}.Release|Any CPU.Build.0 = Release|Any CPU
		{369F8135-85A3-4885-BF48-4B2BF84EEA8A}.Debug|Any CPU.ActiveCfg = Debug|Any CPU
		{369F8135-85A3-4885-BF48-4B2BF84EEA8A}.Debug|Any CPU.Build.0 = Debug|Any CPU
		{369F8135-85A3-4885-BF48-4B2BF84EEA8A}.Release|Any CPU.ActiveCfg = Release|Any CPU
		{369F8135-85A3-4885-BF48-4B2BF84EEA8A}.Release|Any CPU.Build.0 = Release|Any CPU
		{C794CE5F-758C-4A5B-966B-E6D0D414F57A}.Debug|Any CPU.ActiveCfg = Debug|Any CPU
		{C794CE5F-758C-4A5B-966B-E6D0D414F57A}.Debug|Any CPU.Build.0 = Debug|Any CPU
		{C794CE5F-758C-4A5B-966B-E6D0D414F57A}.Release|Any CPU.ActiveCfg = Release|Any CPU
		{C794CE5F-758C-4A5B-966B-E6D0D414F57A}.Release|Any CPU.Build.0 = Release|Any CPU
	EndGlobalSection
	GlobalSection(SolutionProperties) = preSolution
		HideSolutionNode = FALSE
	EndGlobalSection
	GlobalSection(NestedProjects) = preSolution
		{7B1D4E47-7B03-45B2-B0E7-83394214662C} = {9CF5F6B6-039C-437A-8652-C66FA0134B37}
		{866F34D6-61C0-4D57-810B-63B44D1B2EE0} = {9CF5F6B6-039C-437A-8652-C66FA0134B37}
		{7AB71EC5-BC6E-491A-93F3-53E22C20881E} = {9CF5F6B6-039C-437A-8652-C66FA0134B37}
		{9CF5F6B6-039C-437A-8652-C66FA0134B37} = {A6A423D9-4A30-497D-9E28-ADC850A44999}
		{C7E86839-FEB5-4A2D-AC31-84EEB3DDC86A} = {A6A423D9-4A30-497D-9E28-ADC850A44999}
		{230CBD79-284C-4E47-BF36-CCEC2E317EB2} = {A6A423D9-4A30-497D-9E28-ADC850A44999}
		{170CF4B9-049D-4430-9860-9B15C56F6E57} = {230CBD79-284C-4E47-BF36-CCEC2E317EB2}
		{52BEE1EA-05B5-42FC-AC16-110889009405} = {C7E86839-FEB5-4A2D-AC31-84EEB3DDC86A}
		{6593F106-1C1E-4748-AC74-2B03E5C35600} = {230CBD79-284C-4E47-BF36-CCEC2E317EB2}
		{38F506A2-DC31-427A-AE68-AEAC485CCD8D} = {230CBD79-284C-4E47-BF36-CCEC2E317EB2}
		{8C0FDC49-D723-40C7-895B-99C1DAD7994C} = {C7E86839-FEB5-4A2D-AC31-84EEB3DDC86A}
		{D9FFDA09-B229-438A-B2F7-18C125AA3E66} = {FD8EF746-D6FE-465E-8275-011E4FFCD53A}
		{AB7B15A5-0964-4592-8956-97CDA7A07202} = {AB2FBC37-6C5C-46B6-9465-6A24082866F1}
		{ECFF6BF1-057F-4C3B-9BC9-A6ED18AC0CCA} = {AB2FBC37-6C5C-46B6-9465-6A24082866F1}
		{0E0368D8-542C-4FFB-B87F-5D7F4FB4630C} = {ECFF6BF1-057F-4C3B-9BC9-A6ED18AC0CCA}
		{481ADFA8-C88E-401E-81A8-58E2D2A0DCFD} = {AB7B15A5-0964-4592-8956-97CDA7A07202}
		{D0FADF2D-780B-48EE-8E70-FCDFE956DA70} = {AB7B15A5-0964-4592-8956-97CDA7A07202}
		{E0766DC8-644D-4BD2-83EB-D783589A2683} = {AB7B15A5-0964-4592-8956-97CDA7A07202}
		{369F8135-85A3-4885-BF48-4B2BF84EEA8A} = {C7E86839-FEB5-4A2D-AC31-84EEB3DDC86A}
		{C794CE5F-758C-4A5B-966B-E6D0D414F57A} = {230CBD79-284C-4E47-BF36-CCEC2E317EB2}
	EndGlobalSection
	GlobalSection(ExtensibilityGlobals) = postSolution
		SolutionGuid = {FF843B68-B0DF-4AD7-B80F-B1F7A2C49E4D}
	EndGlobalSection
EndGlobal
